
Microsoft Visual Studio Solution File, Format Version 12.00
# Visual Studio Version 16
VisualStudioVersion = 16.0.30804.86
MinimumVisualStudioVersion = 10.0.40219.1
Project("{FAE04EC0-301F-11D3-BF4B-00C04F79EFBC}") = "RolePlay Notes", "RolePlay Notes\RolePlay Notes.csproj", "{205D6E09-A946-4F35-99A2-811F5185DF1C}"
EndProject
Global
	GlobalSection(SolutionConfigurationPlatforms) = preSolution
		Debug|Any CPU = Debug|Any CPU
		Release|Any CPU = Release|Any CPU
	EndGlobalSection
	GlobalSection(ProjectConfigurationPlatforms) = postSolution
		{205D6E09-A946-4F35-99A2-811F5185DF1C}.Debug|Any CPU.ActiveCfg = Debug|Any CPU
		{205D6E09-A946-4F35-99A2-811F5185DF1C}.Debug|Any CPU.Build.0 = Debug|Any CPU
		{205D6E09-A946-4F35-99A2-811F5185DF1C}.Release|Any CPU.ActiveCfg = Release|Any CPU
		{205D6E09-A946-4F35-99A2-811F5185DF1C}.Release|Any CPU.Build.0 = Release|Any CPU
	EndGlobalSection
	GlobalSection(SolutionProperties) = preSolution
		HideSolutionNode = FALSE
	EndGlobalSection
	GlobalSection(ExtensibilityGlobals) = postSolution
		SolutionGuid = {94461435-6CD2-4515-A8F8-5B57848DEAF7}
	EndGlobalSection
EndGlobal
